PODS:
  - KNSlidingView (0.1.0):
    - YYImage
  - YYImage (1.0.4):
    - YYImage/Core (= 1.0.4)
  - YYImage/Core (1.0.4)

DEPENDENCIES:
  - KNSlidingView (from `../`)
  - YYImage

SPEC REPOS:
  https://github.com/CocoaPods/Specs.git:
    - YYImage

EXTERNAL SOURCES:
  KNSlidingView:
    :path: "../"

SPEC CHECKSUMS:
  KNSlidingView: b4668cbaca81db5eaa92931d6dfef5219331dfbd
  YYImage: 1e1b62a9997399593e4b9c4ecfbbabbf1d3f3b54

PODFILE CHECKSUM: 6f4fba3b5f23ecb103fb789b772e387864703642

COCOAPODS: 1.5.0
